// !$*UTF8*$!
{
	archiveVersion = 1;
	classes = {
	};
	objectVersion = 46;
	objects = {

/* Begin PBXBuildFile section */
		453654BB19BCD62700D59BBF /* Foundation.framework in Frameworks */ = {isa = PBXBuildFile; fileRef = 453654BA19BCD62700D59BBF /* Foundation.framework */; };
		453654BD19BCD62700D59BBF /* CoreGraphics.framework in Frameworks */ = {isa = PBXBuildFile; fileRef = 453654BC19BCD62700D59BBF /* CoreGraphics.framework */; };
		453654BF19BCD62700D59BBF /* UIKit.framework in Frameworks */ = {isa = PBXBuildFile; fileRef = 453654BE19BCD62700D59BBF /* UIKit.framework */; };
		453654C519BCD62700D59BBF /* InfoPlist.strings in Resources */ = {isa = PBXBuildFile; fileRef = 453654C319BCD62700D59BBF /* InfoPlist.strings */; };
		453654C719BCD62700D59BBF /* main.m in Sources */ = {isa = PBXBuildFile; fileRef = 453654C619BCD62700D59BBF /* main.m */; };
		453654CB19BCD62700D59BBF /* AppDelegate.m in Sources */ = {isa = PBXBuildFile; fileRef = 453654CA19BCD62700D59BBF /* AppDelegate.m */; };
		453654CE19BCD62700D59BBF /* Main.storyboard in Resources */ = {isa = PBXBuildFile; fileRef = 453654CC19BCD62700D59BBF /* Main.storyboard */; };
		453654D119BCD62700D59BBF /* ViewController.m in Sources */ = {isa = PBXBuildFile; fileRef = 453654D019BCD62700D59BBF /* ViewController.m */; };
		453654D319BCD62700D59BBF /* Images.xcassets in Resources */ = {isa = PBXBuildFile; fileRef = 453654D219BCD62700D59BBF /* Images.xcassets */; };
		453654DA19BCD62800D59BBF /* XCTest.framework in Frameworks */ = {isa = PBXBuildFile; fileRef = 453654D919BCD62800D59BBF /* XCTest.framework */; };
		453654DB19BCD62800D59BBF /* Foundation.framework in Frameworks */ = {isa = PBXBuildFile; fileRef = 453654BA19BCD62700D59BBF /* Foundation.framework */; };
		453654DC19BCD62800D59BBF /* UIKit.framework in Frameworks */ = {isa = PBXBuildFile; fileRef = 453654BE19BCD62700D59BBF /* UIKit.framework */; };
		453654E419BCD62800D59BBF /* InfoPlist.strings in Resources */ = {isa = PBXBuildFile; fileRef = 453654E219BCD62800D59BBF /* InfoPlist.strings */; };
		453654E619BCD62800D59BBF /* Kapitel2Tests.m in Sources */ = {isa = PBXBuildFile; fileRef = 453654E519BCD62800D59BBF /* Kapitel2Tests.m */; };
/* End PBXBuildFile section */

/* Begin PBXContainerItemProxy section */
		453654DD19BCD62800D59BBF /* PBXContainerItemProxy */ = {
			isa = PBXContainerItemProxy;
			containerPortal = 453654AF19BCD62700D59BBF /* Project object */;
			proxyType = 1;
			remoteGlobalIDString = 453654B619BCD62700D59BBF;
			remoteInfo = Kapitel2;
		};
/* End PBXContainerItemProxy section */

/* Begin PBXFileReference section */
		453654B719BCD62700D59BBF /* Kapitel2.app */ = {isa = PBXFileReference; explicitFileType = wrapper.application; includeInIndex = 0; path = Kapitel2.app; sourceTree = BUILT_PRODUCTS_DIR; };
		453654BA19BCD62700D59BBF /* Foundation.framework */ = {isa = PBXFileReference; lastKnownFileType = wrapper.framework; name = Foundation.framework; path = System/Library/Frameworks/Foundation.framework; sourceTree = SDKROOT; };
		453654BC19BCD62700D59BBF /* CoreGraphics.framework */ = {isa = PBXFileReference; lastKnownFileType = wrapper.framework; name = CoreGraphics.framework; path = System/Library/Frameworks/CoreGraphics.framework; sourceTree = SDKROOT; };
		453654BE19BCD62700D59BBF /* UIKit.framework */ = {isa = PBXFileReference; lastKnownFileType = wrapper.framework; name = UIKit.framework; path = System/Library/Frameworks/UIKit.framework; sourceTree = SDKROOT; };
		453654C219BCD62700D59BBF /* Kapitel2-Info.plist */ = {isa = PBXFileReference; lastKnownFileType = text.plist.xml; path = "Kapitel2-Info.plist"; sourceTree = "<group>"; };
		453654C419BCD62700D59BBF /* en */ = {isa = PBXFileReference; lastKnownFileType = text.plist.strings; name = en; path = en.lproj/InfoPlist.strings; sourceTree = "<group>"; };
		453654C619BCD62700D59BBF /* main.m */ = {isa = PBXFileReference; lastKnownFileType = sourcecode.c.objc; path = main.m; sourceTree = "<group>"; };
		453654C819BCD62700D59BBF /* Kapitel2-Prefix.pch */ = {isa = PBXFileReference; lastKnownFileType = sourcecode.c.h; path = "Kapitel2-Prefix.pch"; sourceTree = "<group>"; };
		453654C919BCD62700D59BBF /* AppDelegate.h */ = {isa = PBXFileReference; lastKnownFileType = sourcecode.c.h; path = AppDelegate.h; sourceTree = "<group>"; };
		453654CA19BCD62700D59BBF /* AppDelegate.m */ = {isa = PBXFileReference; lastKnownFileType = sourcecode.c.objc; path = AppDelegate.m; sourceTree = "<group>"; };
		453654CD19BCD62700D59BBF /* Base */ = {isa = PBXFileReference; lastKnownFileType = file.storyboard; name = Base; path = Base.lproj/Main.storyboard; sourceTree = "<group>"; };
		453654CF19BCD62700D59BBF /* ViewController.h */ = {isa = PBXFileReference; lastKnownFileType = sourcecode.c.h; path = ViewController.h; sourceTree = "<group>"; };
		453654D019BCD62700D59BBF /* ViewController.m */ = {isa = PBXFileReference; lastKnownFileType = sourcecode.c.objc; path = ViewController.m; sourceTree = "<group>"; };
		453654D219BCD62700D59BBF /* Images.xcassets */ = {isa = PBXFileReference; lastKnownFileType = folder.assetcatalog; path = Images.xcassets; sourceTree = "<group>"; };
		453654D819BCD62800D59BBF /* Kapitel2Tests.xctest */ = {isa = PBXFileReference; explicitFileType = wrapper.cfbundle; includeInIndex = 0; path = Kapitel2Tests.xctest; sourceTree = BUILT_PRODUCTS_DIR; };
		453654D919BCD62800D59BBF /* XCTest.framework */ = {isa = PBXFileReference; lastKnownFileType = wrapper.framework; name = XCTest.framework; path = Library/Frameworks/XCTest.framework; sourceTree = DEVELOPER_DIR; };
		453654E119BCD62800D59BBF /* Kapitel2Tests-Info.plist */ = {isa = PBXFileReference; lastKnownFileType = text.plist.xml; path = "Kapitel2Tests-Info.plist"; sourceTree = "<group>"; };
		453654E319BCD62800D59BBF /* en */ = {isa = PBXFileReference; lastKnownFileType = text.plist.strings; name = en; path = en.lproj/InfoPlist.strings; sourceTree = "<group>"; };
		453654E519BCD62800D59BBF /* Kapitel2Tests.m */ = {isa = PBXFileReference; lastKnownFileType = sourcecode.c.objc; path = Kapitel2Tests.m; sourceTree = "<group>"; };
/* End PBXFileReference section */

/* Begin PBXFrameworksBuildPhase section */
		453654B419BCD62700D59BBF /* Frameworks */ = {
			isa = PBXFrameworksBuildPhase;
			buildActionMask = 2147483647;
			files = (
				453654BD19BCD62700D59BBF /* CoreGraphics.framework in Frameworks */,
				453654BF19BCD62700D59BBF /* UIKit.framework in Frameworks */,
				453654BB19BCD62700D59BBF /* Foundation.framework in Frameworks */,
			);
			runOnlyForDeploymentPostprocessing = 0;
		};
		453654D519BCD62800D59BBF /* Frameworks */ = {
			isa = PBXFrameworksBuildPhase;
			buildActionMask = 2147483647;
			files = (
				453654DA19BCD62800D59BBF /* XCTest.framework in Frameworks */,
				453654DC19BCD62800D59BBF /* UIKit.framework in Frameworks */,
				453654DB19BCD62800D59BBF /* Foundation.framework in Frameworks */,
			);
			runOnlyForDeploymentPostprocessing = 0;
		};
/* End PBXFrameworksBuildPhase section */

/* Begin PBXGroup section */
		453654AE19BCD62700D59BBF = {
			isa = PBXGroup;
			children = (
				453654C019BCD62700D59BBF /* Kapitel2 */,
				453654DF19BCD62800D59BBF /* Kapitel2Tests */,
				453654B919BCD62700D59BBF /* Frameworks */,
				453654B819BCD62700D59BBF /* Products */,
			);
			sourceTree = "<group>";
		};
		453654B819BCD62700D59BBF /* Products */ = {
			isa = PBXGroup;
			children = (
				453654B719BCD62700D59BBF /* Kapitel2.app */,
				453654D819BCD62800D59BBF /* Kapitel2Tests.xctest */,
			);
			name = Products;
			sourceTree = "<group>";
		};
		453654B919BCD62700D59BBF /* Frameworks */ = {
			isa = PBXGroup;
			children = (
				453654BA19BCD62700D59BBF /* Foundation.framework */,
				453654BC19BCD62700D59BBF /* CoreGraphics.framework */,
				453654BE19BCD62700D59BBF /* UIKit.framework */,
				453654D919BCD62800D59BBF /* XCTest.framework */,
			);
			name = Frameworks;
			sourceTree = "<group>";
		};
		453654C019BCD62700D59BBF /* Kapitel2 */ = {
			isa = PBXGroup;
			children = (
				453654C919BCD62700D59BBF /* AppDelegate.h */,
				453654CA19BCD62700D59BBF /* AppDelegate.m */,
				453654CC19BCD62700D59BBF /* Main.storyboard */,
				453654CF19BCD62700D59BBF /* ViewController.h */,
				453654D019BCD62700D59BBF /* ViewController.m */,
				453654D219BCD62700D59BBF /* Images.xcassets */,
				453654C119BCD62700D59BBF /* Supporting Files */,
			);
			path = Kapitel2;
			sourceTree = "<group>";
		};
		453654C119BCD62700D59BBF /* Supporting Files */ = {
			isa = PBXGroup;
			children = (
				453654C219BCD62700D59BBF /* Kapitel2-Info.plist */,
				453654C319BCD62700D59BBF /* InfoPlist.strings */,
				453654C619BCD62700D59BBF /* main.m */,
				453654C819BCD62700D59BBF /* Kapitel2-Prefix.pch */,
			);
			name = "Supporting Files";
			sourceTree = "<group>";
		};
		453654DF19BCD62800D59BBF /* Kapitel2Tests */ = {
			isa = PBXGroup;
			children = (
				453654E519BCD62800D59BBF /* Kapitel2Tests.m */,
				453654E019BCD62800D59BBF /* Supporting Files */,
			);
			path = Kapitel2Tests;
			sourceTree = "<group>";
		};
		453654E019BCD62800D59BBF /* Supporting Files */ = {
			isa = PBXGroup;
			children = (
				453654E119BCD62800D59BBF /* Kapitel2Tests-Info.plist */,
				453654E219BCD62800D59BBF /* InfoPlist.strings */,
			);
			name = "Supporting Files";
			sourceTree = "<group>";
		};
/* End PBXGroup section */

/* Begin PBXNativeTarget section */
		453654B619BCD62700D59BBF /* Kapitel2 */ = {
			isa = PBXNativeTarget;
			buildConfigurationList = 453654E919BCD62800D59BBF /* Build configuration list for PBXNativeTarget "Kapitel2" */;
			buildPhases = (
				453654B319BCD62700D59BBF /* Sources */,
				453654B419BCD62700D59BBF /* Frameworks */,
				453654B519BCD62700D59BBF /* Resources */,
			);
			buildRules = (
			);
			dependencies = (
			);
			name = Kapitel2;
			productName = Kapitel2;
			productReference = 453654B719BCD62700D59BBF /* Kapitel2.app */;
			productType = "com.apple.product-type.application";
		};
		453654D719BCD62800D59BBF /* Kapitel2Tests */ = {
			isa = PBXNativeTarget;
			buildConfigurationList = 453654EC19BCD62800D59BBF /* Build configuration list for PBXNativeTarget "Kapitel2Tests" */;
			buildPhases = (
				453654D419BCD62800D59BBF /* Sources */,
				453654D519BCD62800D59BBF /* Frameworks */,
				453654D619BCD62800D59BBF /* Resources */,
			);
			buildRules = (
			);
			dependencies = (
				453654DE19BCD62800D59BBF /* PBXTargetDependency */,
			);
			name = Kapitel2Tests;
			productName = Kapitel2Tests;
			productReference = 453654D819BCD62800D59BBF /* Kapitel2Tests.xctest */;
			productType = "com.apple.product-type.bundle.unit-test";
		};
/* End PBXNativeTarget section */

/* Begin PBXProject section */
		453654AF19BCD62700D59BBF /* Project object */ = {
			isa = PBXProject;
			attributes = {
				LastUpgradeCheck = 0510;
				ORGANIZATIONNAME = "___FULLUSERNAME___";
				TargetAttributes = {
					453654D719BCD62800D59BBF = {
						TestTargetID = 453654B619BCD62700D59BBF;
					};
				};
			};
			buildConfigurationList = 453654B219BCD62700D59BBF /* Build configuration list for PBXProject "Kapitel2" */;
			compatibilityVersion = "Xcode 3.2";
			developmentRegion = English;
			hasScannedForEncodings = 0;
			knownRegions = (
				en,
				Base,
			);
			mainGroup = 453654AE19BCD62700D59BBF;
			productRefGroup = 453654B819BCD62700D59BBF /* Products */;
			projectDirPath = "";
			projectRoot = "";
			targets = (
				453654B619BCD62700D59BBF /* Kapitel2 */,
				453654D719BCD62800D59BBF /* Kapitel2Tests */,
			);
		};
/* End PBXProject section */

/* Begin PBXResourcesBuildPhase section */
		453654B519BCD62700D59BBF /* Resources */ = {
			isa = PBXResourcesBuildPhase;
			buildActionMask = 2147483647;
			files = (
				453654D319BCD62700D59BBF /* Images.xcassets in Resources */,
				453654C519BCD62700D59BBF /* InfoPlist.strings in Resources */,
				453654CE19BCD62700D59BBF /* Main.storyboard in Resources */,
			);
			runOnlyForDeploymentPostprocessing = 0;
		};
		453654D619BCD62800D59BBF /* Resources */ = {
			isa = PBXResourcesBuildPhase;
			buildActionMask = 2147483647;
			files = (
				453654E419BCD62800D59BBF /* InfoPlist.strings in Resources */,
			);
			runOnlyForDeploymentPostprocessing = 0;
		};
/* End PBXResourcesBuildPhase section */

/* Begin PBXSourcesBuildPhase section */
		453654B319BCD62700D59BBF /* Sources */ = {
			isa = PBXSourcesBuildPhase;
			buildActionMask = 2147483647;
			files = (
				453654D119BCD62700D59BBF /* ViewController.m in Sources */,
				453654CB19BCD62700D59BBF /* AppDelegate.m in Sources */,
				453654C719BCD62700D59BBF /* main.m in Sources */,
			);
			runOnlyForDeploymentPostprocessing = 0;
		};
		453654D419BCD62800D59BBF /* Sources */ = {
			isa = PBXSourcesBuildPhase;
			buildActionMask = 2147483647;
			files = (
				453654E619BCD62800D59BBF /* Kapitel2Tests.m in Sources */,
			);
			runOnlyForDeploymentPostprocessing = 0;
		};
/* End PBXSourcesBuildPhase section */

/* Begin PBXTargetDependency section */
		453654DE19BCD62800D59BBF /* PBXTargetDependency */ = {
			isa = PBXTargetDependency;
			target = 453654B619BCD62700D59BBF /* Kapitel2 */;
			targetProxy = 453654DD19BCD62800D59BBF /* PBXContainerItemProxy */;
		};
/* End PBXTargetDependency section */

/* Begin PBXVariantGroup section */
		453654C319BCD62700D59BBF /* InfoPlist.strings */ = {
			isa = PBXVariantGroup;
			children = (
				453654C419BCD62700D59BBF /* en */,
			);
			name = InfoPlist.strings;
			sourceTree = "<group>";
		};
		453654CC19BCD62700D59BBF /* Main.storyboard */ = {
			isa = PBXVariantGroup;
			children = (
				453654CD19BCD62700D59BBF /* Base */,
			);
			name = Main.storyboard;
			sourceTree = "<group>";
		};
		453654E219BCD62800D59BBF /* InfoPlist.strings */ = {
			isa = PBXVariantGroup;
			children = (
				453654E319BCD62800D59BBF /* en */,
			);
			name = InfoPlist.strings;
			sourceTree = "<group>";
		};
/* End PBXVariantGroup section */

/* Begin XCBuildConfiguration section */
		453654E719BCD62800D59BBF /* Debug */ = {
			isa = XCBuildConfiguration;
			buildSettings = {
				ALWAYS_SEARCH_USER_PATHS = NO;
				CLANG_CXX_LANGUAGE_STANDARD = "gnu++0x";
				CLANG_CXX_LIBRARY = "libc++";
				CLANG_ENABLE_MODULES = YES;
				CLANG_ENABLE_OBJC_ARC = YES;
				CLANG_WARN_BOOL_CONVERSION = YES;
				CLANG_WARN_CONSTANT_CONVERSION = YES;
				CLANG_WARN_DIRECT_OBJC_ISA_USAGE = YES_ERROR;
				CLANG_WARN_EMPTY_BODY = YES;
				CLANG_WARN_ENUM_CONVERSION = YES;
				CLANG_WARN_INT_CONVERSION = YES;
				CLANG_WARN_OBJC_ROOT_CLASS = YES_ERROR;
				CLANG_WARN__DUPLICATE_METHOD_MATCH = YES;
				"CODE_SIGN_IDENTITY[sdk=iphoneos*]" = "iPhone Developer";
				COPY_PHASE_STRIP = NO;
				GCC_C_LANGUAGE_STANDARD = gnu99;
				GCC_DYNAMIC_NO_PIC = NO;
				GCC_OPTIMIZATION_LEVEL = 0;
				GCC_PREPROCESSOR_DEFINITIONS = (
					"DEBUG=1",
					"$(inherited)",
				);
				GCC_SYMBOLS_PRIVATE_EXTERN = NO;
				GCC_WARN_64_TO_32_BIT_CONVERSION = YES;
				GCC_WARN_ABOUT_RETURN_TYPE = YES_ERROR;
				GCC_WARN_UNDECLARED_SELECTOR = YES;
				GCC_WARN_UNINITIALIZED_AUTOS = YES_AGGRESSIVE;
				GCC_WARN_UNUSED_FUNCTION = YES;
				GCC_WARN_UNUSED_VARIABLE = YES;
				IPHONEOS_DEPLOYMENT_TARGET = 7.1;
				ONLY_ACTIVE_ARCH = YES;
				SDKROOT = iphoneos;
			};
			name = Debug;
		};
		453654E819BCD62800D59BBF /* Release */ = {
			isa = XCBuildConfiguration;
			buildSettings = {
				ALWAYS_SEARCH_USER_PATHS = NO;
				CLANG_CXX_LANGUAGE_STANDARD = "gnu++0x";
				CLANG_CXX_LIBRARY = "libc++";
				CLANG_ENABLE_MODULES = YES;
				CLANG_ENABLE_OBJC_ARC = YES;
				CLANG_WARN_BOOL_CONVERSION = YES;
				CLANG_WARN_CONSTANT_CONVERSION = YES;
				CLANG_WARN_DIRECT_OBJC_ISA_USAGE = YES_ERROR;
				CLANG_WARN_EMPTY_BODY = YES;
				CLANG_WARN_ENUM_CONVERSION = YES;
				CLANG_WARN_INT_CONVERSION = YES;
				CLANG_WARN_OBJC_ROOT_CLASS = YES_ERROR;
				CLANG_WARN__DUPLICATE_METHOD_MATCH = YES;
				"CODE_SIGN_IDENTITY[sdk=iphoneos*]" = "iPhone Developer";
				COPY_PHASE_STRIP = YES;
				ENABLE_NS_ASSERTIONS = NO;
				GCC_C_LANGUAGE_STANDARD = gnu99;
				GCC_WARN_64_TO_32_BIT_CONVERSION = YES;
				GCC_WARN_ABOUT_RETURN_TYPE = YES_ERROR;
				GCC_WARN_UNDECLARED_SELECTOR = YES;
				GCC_WARN_UNINITIALIZED_AUTOS = YES_AGGRESSIVE;
				GCC_WARN_UNUSED_FUNCTION = YES;
				GCC_WARN_UNUSED_VARIABLE = YES;
				IPHONEOS_DEPLOYMENT_TARGET = 7.1;
				SDKROOT = iphoneos;
				VALIDATE_PRODUCT = YES;
			};
			name = Release;
		};
		453654EA19BCD62800D59BBF /* Debug */ = {
			isa = XCBuildConfiguration;
			buildSettings = {
				ASSETCATALOG_COMPILER_APPICON_NAME = AppIcon;
				ASSETCATALOG_COMPILER_LAUNCHIMAGE_NAME = LaunchImage;
				GCC_PRECOMPILE_PREFIX_HEADER = YES;
				GCC_PREFIX_HEADER = "Kapitel2/Kapitel2-Prefix.pch";
				INFOPLIST_FILE = "Kapitel2/Kapitel2-Info.plist";
				PRODUCT_NAME = "$(TARGET_NAME)";
				WRAPPER_EXTENSION = app;
			};
			name = Debug;
		};
		453654EB19BCD62800D59BBF /* Release */ = {
			isa = XCBuildConfiguration;
			buildSettings = {
				ASSETCATALOG_COMPILER_APPICON_NAME = AppIcon;
				ASSETCATALOG_COMPILER_LAUNCHIMAGE_NAME = LaunchImage;
				GCC_PRECOMPILE_PREFIX_HEADER = YES;
				GCC_PREFIX_HEADER = "Kapitel2/Kapitel2-Prefix.pch";
				INFOPLIST_FILE = "Kapitel2/Kapitel2-Info.plist";
				PRODUCT_NAME = "$(TARGET_NAME)";
				WRAPPER_EXTENSION = app;
			};
			name = Release;
		};
		453654ED19BCD62800D59BBF /* Debug */ = {
			isa = XCBuildConfiguration;
			buildSettings = {
				BUNDLE_LOADER = "$(BUILT_PRODUCTS_DIR)/Kapitel2.app/Kapitel2";
				FRAMEWORK_SEARCH_PATHS = (
					"$(SDKROOT)/Developer/Library/Frameworks",
					"$(inherited)",
					"$(DEVELOPER_FRAMEWORKS_DIR)",
				);
				GCC_PRECOMPILE_PREFIX_HEADER = YES;
				GCC_PREFIX_HEADER = "Kapitel2/Kapitel2-Prefix.pch";
				GCC_PREPROCESSOR_DEFINITIONS = (
					"DEBUG=1",
					"$(inherited)",
				);
				INFOPLIST_FILE = "Kapitel2Tests/Kapitel2Tests-Info.plist";
				PRODUCT_NAME = "$(TARGET_NAME)";
				TEST_HOST = "$(BUNDLE_LOADER)";
				WRAPPER_EXTENSION = xctest;
			};
			name = Debug;
		};
		453654EE19BCD62800D59BBF /* Release */ = {
			isa = XCBuildConfiguration;
			buildSettings = {
				BUNDLE_LOADER = "$(BUILT_PRODUCTS_DIR)/Kapitel2.app/Kapitel2";
				FRAMEWORK_SEARCH_PATHS = (
					"$(SDKROOT)/Developer/Library/Frameworks",
					"$(inherited)",
					"$(DEVELOPER_FRAMEWORKS_DIR)",
				);
				GCC_PRECOMPILE_PREFIX_HEADER = YES;
				GCC_PREFIX_HEADER = "Kapitel2/Kapitel2-Prefix.pch";
				INFOPLIST_FILE = "Kapitel2Tests/Kapitel2Tests-Info.plist";
				PRODUCT_NAME = "$(TARGET_NAME)";
				TEST_HOST = "$(BUNDLE_LOADER)";
				WRAPPER_EXTENSION = xctest;
			};
			name = Release;
		};
/* End XCBuildConfiguration section */

/* Begin XCConfigurationList section */
		453654B219BCD62700D59BBF /* Build configuration list for PBXProject "Kapitel2" */ = {
			isa = XCConfigurationList;
			buildConfigurations = (
				453654E719BCD62800D59BBF /* Debug */,
				453654E819BCD62800D59BBF /* Release */,
			);
			defaultConfigurationIsVisible = 0;
			defaultConfigurationName = Release;
		};
		453654E919BCD62800D59BBF /* Build configuration list for PBXNativeTarget "Kapitel2" */ = {
			isa = XCConfigurationList;
			buildConfigurations = (
				453654EA19BCD62800D59BBF /* Debug */,
				453654EB19BCD62800D59BBF /* Release */,
			);
			defaultConfigurationIsVisible = 0;
		};
		453654EC19BCD62800D59BBF /* Build configuration list for PBXNativeTarget "Kapitel2Tests" */ = {
			isa = XCConfigurationList;
			buildConfigurations = (
				453654ED19BCD62800D59BBF /* Debug */,
				453654EE19BCD62800D59BBF /* Release */,
			);
			defaultConfigurationIsVisible = 0;
		};
/* End XCConfigurationList section */
	};
	rootObject = 453654AF19BCD62700D59BBF /* Project object */;
}
