// !$*UTF8*$!
{
	archiveVersion = 1;
	classes = {
	};
	objectVersion = 46;
	objects = {

/* Begin PBXBuildFile section */
		451D547A19D5AEA0008AD254 /* Foundation.framework in Frameworks */ = {isa = PBXBuildFile; fileRef = 451D547919D5AEA0008AD254 /* Foundation.framework */; };
		451D547C19D5AEA0008AD254 /* CoreGraphics.framework in Frameworks */ = {isa = PBXBuildFile; fileRef = 451D547B19D5AEA0008AD254 /* CoreGraphics.framework */; };
		451D547E19D5AEA0008AD254 /* UIKit.framework in Frameworks */ = {isa = PBXBuildFile; fileRef = 451D547D19D5AEA0008AD254 /* UIKit.framework */; };
		451D548419D5AEA1008AD254 /* InfoPlist.strings in Resources */ = {isa = PBXBuildFile; fileRef = 451D548219D5AEA1008AD254 /* InfoPlist.strings */; };
		451D548619D5AEA1008AD254 /* main.m in Sources */ = {isa = PBXBuildFile; fileRef = 451D548519D5AEA1008AD254 /* main.m */; };
		451D548A19D5AEA1008AD254 /* AppDelegate.m in Sources */ = {isa = PBXBuildFile; fileRef = 451D548919D5AEA1008AD254 /* AppDelegate.m */; };
		451D548D19D5AEA1008AD254 /* Main.storyboard in Resources */ = {isa = PBXBuildFile; fileRef = 451D548B19D5AEA1008AD254 /* Main.storyboard */; };
		451D549019D5AEA1008AD254 /* ViewController.m in Sources */ = {isa = PBXBuildFile; fileRef = 451D548F19D5AEA1008AD254 /* ViewController.m */; };
		451D549219D5AEA1008AD254 /* Images.xcassets in Resources */ = {isa = PBXBuildFile; fileRef = 451D549119D5AEA1008AD254 /* Images.xcassets */; };
		451D549919D5AEA1008AD254 /* XCTest.framework in Frameworks */ = {isa = PBXBuildFile; fileRef = 451D549819D5AEA1008AD254 /* XCTest.framework */; };
		451D549A19D5AEA1008AD254 /* Foundation.framework in Frameworks */ = {isa = PBXBuildFile; fileRef = 451D547919D5AEA0008AD254 /* Foundation.framework */; };
		451D549B19D5AEA1008AD254 /* UIKit.framework in Frameworks */ = {isa = PBXBuildFile; fileRef = 451D547D19D5AEA0008AD254 /* UIKit.framework */; };
		451D54A319D5AEA1008AD254 /* InfoPlist.strings in Resources */ = {isa = PBXBuildFile; fileRef = 451D54A119D5AEA1008AD254 /* InfoPlist.strings */; };
		451D54A519D5AEA1008AD254 /* Kapitel2Tests.m in Sources */ = {isa = PBXBuildFile; fileRef = 451D54A419D5AEA1008AD254 /* Kapitel2Tests.m */; };
		45341E1019D9867B00E4EF0B /* Droid.m in Sources */ = {isa = PBXBuildFile; fileRef = 45341E0F19D9867B00E4EF0B /* Droid.m */; };
		455FEEDB19D8630600AC4876 /* Model.m in Sources */ = {isa = PBXBuildFile; fileRef = 455FEEDA19D8630600AC4876 /* Model.m */; };
		45A2579819DAB148003BA833 /* ProtocolDroid.m in Sources */ = {isa = PBXBuildFile; fileRef = 45A2579719DAB148003BA833 /* ProtocolDroid.m */; };
		45A2579B19DAB1B0003BA833 /* AstroDroid.m in Sources */ = {isa = PBXBuildFile; fileRef = 45A2579A19DAB1B0003BA833 /* AstroDroid.m */; };
		45E1E82319DAC5D800CC49EA /* Wookie.m in Sources */ = {isa = PBXBuildFile; fileRef = 45E1E82219DAC5D800CC49EA /* Wookie.m */; };
/* End PBXBuildFile section */

/* Begin PBXContainerItemProxy section */
		451D549C19D5AEA1008AD254 /* PBXContainerItemProxy */ = {
			isa = PBXContainerItemProxy;
			containerPortal = 451D546E19D5AEA0008AD254 /* Project object */;
			proxyType = 1;
			remoteGlobalIDString = 451D547519D5AEA0008AD254;
			remoteInfo = Kapitel2;
		};
/* End PBXContainerItemProxy section */

/* Begin PBXFileReference section */
		451D547619D5AEA0008AD254 /* Kapitel2.app */ = {isa = PBXFileReference; explicitFileType = wrapper.application; includeInIndex = 0; path = Kapitel2.app; sourceTree = BUILT_PRODUCTS_DIR; };
		451D547919D5AEA0008AD254 /* Foundation.framework */ = {isa = PBXFileReference; lastKnownFileType = wrapper.framework; name = Foundation.framework; path = System/Library/Frameworks/Foundation.framework; sourceTree = SDKROOT; };
		451D547B19D5AEA0008AD254 /* CoreGraphics.framework */ = {isa = PBXFileReference; lastKnownFileType = wrapper.framework; name = CoreGraphics.framework; path = System/Library/Frameworks/CoreGraphics.framework; sourceTree = SDKROOT; };
		451D547D19D5AEA0008AD254 /* UIKit.framework */ = {isa = PBXFileReference; lastKnownFileType = wrapper.framework; name = UIKit.framework; path = System/Library/Frameworks/UIKit.framework; sourceTree = SDKROOT; };
		451D548119D5AEA1008AD254 /* Kapitel2-Info.plist */ = {isa = PBXFileReference; lastKnownFileType = text.plist.xml; path = "Kapitel2-Info.plist"; sourceTree = "<group>"; };
		451D548319D5AEA1008AD254 /* en */ = {isa = PBXFileReference; lastKnownFileType = text.plist.strings; name = en; path = en.lproj/InfoPlist.strings; sourceTree = "<group>"; };
		451D548519D5AEA1008AD254 /* main.m */ = {isa = PBXFileReference; lastKnownFileType = sourcecode.c.objc; path = main.m; sourceTree = "<group>"; };
		451D548719D5AEA1008AD254 /* Kapitel2-Prefix.pch */ = {isa = PBXFileReference; lastKnownFileType = sourcecode.c.h; path = "Kapitel2-Prefix.pch"; sourceTree = "<group>"; };
		451D548819D5AEA1008AD254 /* AppDelegate.h */ = {isa = PBXFileReference; lastKnownFileType = sourcecode.c.h; path = AppDelegate.h; sourceTree = "<group>"; };
		451D548919D5AEA1008AD254 /* AppDelegate.m */ = {isa = PBXFileReference; lastKnownFileType = sourcecode.c.objc; path = AppDelegate.m; sourceTree = "<group>"; };
		451D548C19D5AEA1008AD254 /* Base */ = {isa = PBXFileReference; lastKnownFileType = file.storyboard; name = Base; path = Base.lproj/Main.storyboard; sourceTree = "<group>"; };
		451D548E19D5AEA1008AD254 /* ViewController.h */ = {isa = PBXFileReference; lastKnownFileType = sourcecode.c.h; path = ViewController.h; sourceTree = "<group>"; };
		451D548F19D5AEA1008AD254 /* ViewController.m */ = {isa = PBXFileReference; lastKnownFileType = sourcecode.c.objc; path = ViewController.m; sourceTree = "<group>"; };
		451D549119D5AEA1008AD254 /* Images.xcassets */ = {isa = PBXFileReference; lastKnownFileType = folder.assetcatalog; path = Images.xcassets; sourceTree = "<group>"; };
		451D549719D5AEA1008AD254 /* Kapitel2Tests.xctest */ = {isa = PBXFileReference; explicitFileType = wrapper.cfbundle; includeInIndex = 0; path = Kapitel2Tests.xctest; sourceTree = BUILT_PRODUCTS_DIR; };
		451D549819D5AEA1008AD254 /* XCTest.framework */ = {isa = PBXFileReference; lastKnownFileType = wrapper.framework; name = XCTest.framework; path = Library/Frameworks/XCTest.framework; sourceTree = DEVELOPER_DIR; };
		451D54A019D5AEA1008AD254 /* Kapitel2Tests-Info.plist */ = {isa = PBXFileReference; lastKnownFileType = text.plist.xml; path = "Kapitel2Tests-Info.plist"; sourceTree = "<group>"; };
		451D54A219D5AEA1008AD254 /* en */ = {isa = PBXFileReference; lastKnownFileType = text.plist.strings; name = en; path = en.lproj/InfoPlist.strings; sourceTree = "<group>"; };
		451D54A419D5AEA1008AD254 /* Kapitel2Tests.m */ = {isa = PBXFileReference; lastKnownFileType = sourcecode.c.objc; path = Kapitel2Tests.m; sourceTree = "<group>"; };
		45341E0E19D9867B00E4EF0B /* Droid.h */ = {isa = PBXFileReference; fileEncoding = 4; lastKnownFileType = sourcecode.c.h; path = Droid.h; sourceTree = "<group>"; };
		45341E0F19D9867B00E4EF0B /* Droid.m */ = {isa = PBXFileReference; fileEncoding = 4; lastKnownFileType = sourcecode.c.objc; path = Droid.m; sourceTree = "<group>"; };
		455FEED919D8630600AC4876 /* Model.h */ = {isa = PBXFileReference; fileEncoding = 4; lastKnownFileType = sourcecode.c.h; path = Model.h; sourceTree = "<group>"; };
		455FEEDA19D8630600AC4876 /* Model.m */ = {isa = PBXFileReference; fileEncoding = 4; lastKnownFileType = sourcecode.c.objc; path = Model.m; sourceTree = "<group>"; };
		45A2579619DAB148003BA833 /* ProtocolDroid.h */ = {isa = PBXFileReference; fileEncoding = 4; lastKnownFileType = sourcecode.c.h; path = ProtocolDroid.h; sourceTree = "<group>"; };
		45A2579719DAB148003BA833 /* ProtocolDroid.m */ = {isa = PBXFileReference; fileEncoding = 4; lastKnownFileType = sourcecode.c.objc; path = ProtocolDroid.m; sourceTree = "<group>"; };
		45A2579919DAB1B0003BA833 /* AstroDroid.h */ = {isa = PBXFileReference; fileEncoding = 4; lastKnownFileType = sourcecode.c.h; path = AstroDroid.h; sourceTree = "<group>"; };
		45A2579A19DAB1B0003BA833 /* AstroDroid.m */ = {isa = PBXFileReference; fileEncoding = 4; lastKnownFileType = sourcecode.c.objc; path = AstroDroid.m; sourceTree = "<group>"; };
		45E1E82119DAC5D800CC49EA /* Wookie.h */ = {isa = PBXFileReference; fileEncoding = 4; lastKnownFileType = sourcecode.c.h; path = Wookie.h; sourceTree = "<group>"; };
		45E1E82219DAC5D800CC49EA /* Wookie.m */ = {isa = PBXFileReference; fileEncoding = 4; lastKnownFileType = sourcecode.c.objc; path = Wookie.m; sourceTree = "<group>"; };
/* End PBXFileReference section */

/* Begin PBXFrameworksBuildPhase section */
		451D547319D5AEA0008AD254 /* Frameworks */ = {
			isa = PBXFrameworksBuildPhase;
			buildActionMask = 2147483647;
			files = (
				451D547C19D5AEA0008AD254 /* CoreGraphics.framework in Frameworks */,
				451D547E19D5AEA0008AD254 /* UIKit.framework in Frameworks */,
				451D547A19D5AEA0008AD254 /* Foundation.framework in Frameworks */,
			);
			runOnlyForDeploymentPostprocessing = 0;
		};
		451D549419D5AEA1008AD254 /* Frameworks */ = {
			isa = PBXFrameworksBuildPhase;
			buildActionMask = 2147483647;
			files = (
				451D549919D5AEA1008AD254 /* XCTest.framework in Frameworks */,
				451D549B19D5AEA1008AD254 /* UIKit.framework in Frameworks */,
				451D549A19D5AEA1008AD254 /* Foundation.framework in Frameworks */,
			);
			runOnlyForDeploymentPostprocessing = 0;
		};
/* End PBXFrameworksBuildPhase section */

/* Begin PBXGroup section */
		451D546D19D5AEA0008AD254 = {
			isa = PBXGroup;
			children = (
				451D547F19D5AEA1008AD254 /* Kapitel2 */,
				451D549E19D5AEA1008AD254 /* Kapitel2Tests */,
				451D547819D5AEA0008AD254 /* Frameworks */,
				451D547719D5AEA0008AD254 /* Products */,
			);
			sourceTree = "<group>";
		};
		451D547719D5AEA0008AD254 /* Products */ = {
			isa = PBXGroup;
			children = (
				451D547619D5AEA0008AD254 /* Kapitel2.app */,
				451D549719D5AEA1008AD254 /* Kapitel2Tests.xctest */,
			);
			name = Products;
			sourceTree = "<group>";
		};
		451D547819D5AEA0008AD254 /* Frameworks */ = {
			isa = PBXGroup;
			children = (
				451D547919D5AEA0008AD254 /* Foundation.framework */,
				451D547B19D5AEA0008AD254 /* CoreGraphics.framework */,
				451D547D19D5AEA0008AD254 /* UIKit.framework */,
				451D549819D5AEA1008AD254 /* XCTest.framework */,
			);
			name = Frameworks;
			sourceTree = "<group>";
		};
		451D547F19D5AEA1008AD254 /* Kapitel2 */ = {
			isa = PBXGroup;
			children = (
				451D548819D5AEA1008AD254 /* AppDelegate.h */,
				451D548919D5AEA1008AD254 /* AppDelegate.m */,
				45A2579919DAB1B0003BA833 /* AstroDroid.h */,
				45A2579A19DAB1B0003BA833 /* AstroDroid.m */,
				45341E0E19D9867B00E4EF0B /* Droid.h */,
				45341E0F19D9867B00E4EF0B /* Droid.m */,
				451D549119D5AEA1008AD254 /* Images.xcassets */,
				451D548B19D5AEA1008AD254 /* Main.storyboard */,
				455FEED919D8630600AC4876 /* Model.h */,
				455FEEDA19D8630600AC4876 /* Model.m */,
				45E1E82119DAC5D800CC49EA /* Wookie.h */,
				45E1E82219DAC5D800CC49EA /* Wookie.m */,
				45A2579619DAB148003BA833 /* ProtocolDroid.h */,
				45A2579719DAB148003BA833 /* ProtocolDroid.m */,
				451D548019D5AEA1008AD254 /* Supporting Files */,
				451D548E19D5AEA1008AD254 /* ViewController.h */,
				451D548F19D5AEA1008AD254 /* ViewController.m */,
			);
			path = Kapitel2;
			sourceTree = "<group>";
		};
		451D548019D5AEA1008AD254 /* Supporting Files */ = {
			isa = PBXGroup;
			children = (
				451D548119D5AEA1008AD254 /* Kapitel2-Info.plist */,
				451D548219D5AEA1008AD254 /* InfoPlist.strings */,
				451D548519D5AEA1008AD254 /* main.m */,
				451D548719D5AEA1008AD254 /* Kapitel2-Prefix.pch */,
			);
			name = "Supporting Files";
			sourceTree = "<group>";
		};
		451D549E19D5AEA1008AD254 /* Kapitel2Tests */ = {
			isa = PBXGroup;
			children = (
				451D54A419D5AEA1008AD254 /* Kapitel2Tests.m */,
				451D549F19D5AEA1008AD254 /* Supporting Files */,
			);
			path = Kapitel2Tests;
			sourceTree = "<group>";
		};
		451D549F19D5AEA1008AD254 /* Supporting Files */ = {
			isa = PBXGroup;
			children = (
				451D54A019D5AEA1008AD254 /* Kapitel2Tests-Info.plist */,
				451D54A119D5AEA1008AD254 /* InfoPlist.strings */,
			);
			name = "Supporting Files";
			sourceTree = "<group>";
		};
/* End PBXGroup section */

/* Begin PBXNativeTarget section */
		451D547519D5AEA0008AD254 /* Kapitel2 */ = {
			isa = PBXNativeTarget;
			buildConfigurationList = 451D54A819D5AEA1008AD254 /* Build configuration list for PBXNativeTarget "Kapitel2" */;
			buildPhases = (
				451D547219D5AEA0008AD254 /* Sources */,
				451D547319D5AEA0008AD254 /* Frameworks */,
				451D547419D5AEA0008AD254 /* Resources */,
			);
			buildRules = (
			);
			dependencies = (
			);
			name = Kapitel2;
			productName = Kapitel2;
			productReference = 451D547619D5AEA0008AD254 /* Kapitel2.app */;
			productType = "com.apple.product-type.application";
		};
		451D549619D5AEA1008AD254 /* Kapitel2Tests */ = {
			isa = PBXNativeTarget;
			buildConfigurationList = 451D54AB19D5AEA1008AD254 /* Build configuration list for PBXNativeTarget "Kapitel2Tests" */;
			buildPhases = (
				451D549319D5AEA1008AD254 /* Sources */,
				451D549419D5AEA1008AD254 /* Frameworks */,
				451D549519D5AEA1008AD254 /* Resources */,
			);
			buildRules = (
			);
			dependencies = (
				451D549D19D5AEA1008AD254 /* PBXTargetDependency */,
			);
			name = Kapitel2Tests;
			productName = Kapitel2Tests;
			productReference = 451D549719D5AEA1008AD254 /* Kapitel2Tests.xctest */;
			productType = "com.apple.product-type.bundle.unit-test";
		};
/* End PBXNativeTarget section */

/* Begin PBXProject section */
		451D546E19D5AEA0008AD254 /* Project object */ = {
			isa = PBXProject;
			attributes = {
				LastUpgradeCheck = 0510;
				ORGANIZATIONNAME = "David Brünner";
				TargetAttributes = {
					451D549619D5AEA1008AD254 = {
						TestTargetID = 451D547519D5AEA0008AD254;
					};
				};
			};
			buildConfigurationList = 451D547119D5AEA0008AD254 /* Build configuration list for PBXProject "Kapitel2" */;
			compatibilityVersion = "Xcode 3.2";
			developmentRegion = English;
			hasScannedForEncodings = 0;
			knownRegions = (
				en,
				Base,
			);
			mainGroup = 451D546D19D5AEA0008AD254;
			productRefGroup = 451D547719D5AEA0008AD254 /* Products */;
			projectDirPath = "";
			projectRoot = "";
			targets = (
				451D547519D5AEA0008AD254 /* Kapitel2 */,
				451D549619D5AEA1008AD254 /* Kapitel2Tests */,
			);
		};
/* End PBXProject section */

/* Begin PBXResourcesBuildPhase section */
		451D547419D5AEA0008AD254 /* Resources */ = {
			isa = PBXResourcesBuildPhase;
			buildActionMask = 2147483647;
			files = (
				451D549219D5AEA1008AD254 /* Images.xcassets in Resources */,
				451D548419D5AEA1008AD254 /* InfoPlist.strings in Resources */,
				451D548D19D5AEA1008AD254 /* Main.storyboard in Resources */,
			);
			runOnlyForDeploymentPostprocessing = 0;
		};
		451D549519D5AEA1008AD254 /* Resources */ = {
			isa = PBXResourcesBuildPhase;
			buildActionMask = 2147483647;
			files = (
				451D54A319D5AEA1008AD254 /* InfoPlist.strings in Resources */,
			);
			runOnlyForDeploymentPostprocessing = 0;
		};
/* End PBXResourcesBuildPhase section */

/* Begin PBXSourcesBuildPhase section */
		451D547219D5AEA0008AD254 /* Sources */ = {
			isa = PBXSourcesBuildPhase;
			buildActionMask = 2147483647;
			files = (
				45A2579819DAB148003BA833 /* ProtocolDroid.m in Sources */,
				45E1E82319DAC5D800CC49EA /* Wookie.m in Sources */,
				451D549019D5AEA1008AD254 /* ViewController.m in Sources */,
				451D548A19D5AEA1008AD254 /* AppDelegate.m in Sources */,
				451D548619D5AEA1008AD254 /* main.m in Sources */,
				45341E1019D9867B00E4EF0B /* Droid.m in Sources */,
				455FEEDB19D8630600AC4876 /* Model.m in Sources */,
				45A2579B19DAB1B0003BA833 /* AstroDroid.m in Sources */,
			);
			runOnlyForDeploymentPostprocessing = 0;
		};
		451D549319D5AEA1008AD254 /* Sources */ = {
			isa = PBXSourcesBuildPhase;
			buildActionMask = 2147483647;
			files = (
				451D54A519D5AEA1008AD254 /* Kapitel2Tests.m in Sources */,
			);
			runOnlyForDeploymentPostprocessing = 0;
		};
/* End PBXSourcesBuildPhase section */

/* Begin PBXTargetDependency section */
		451D549D19D5AEA1008AD254 /* PBXTargetDependency */ = {
			isa = PBXTargetDependency;
			target = 451D547519D5AEA0008AD254 /* Kapitel2 */;
			targetProxy = 451D549C19D5AEA1008AD254 /* PBXContainerItemProxy */;
		};
/* End PBXTargetDependency section */

/* Begin PBXVariantGroup section */
		451D548219D5AEA1008AD254 /* InfoPlist.strings */ = {
			isa = PBXVariantGroup;
			children = (
				451D548319D5AEA1008AD254 /* en */,
			);
			name = InfoPlist.strings;
			sourceTree = "<group>";
		};
		451D548B19D5AEA1008AD254 /* Main.storyboard */ = {
			isa = PBXVariantGroup;
			children = (
				451D548C19D5AEA1008AD254 /* Base */,
			);
			name = Main.storyboard;
			sourceTree = "<group>";
		};
		451D54A119D5AEA1008AD254 /* InfoPlist.strings */ = {
			isa = PBXVariantGroup;
			children = (
				451D54A219D5AEA1008AD254 /* en */,
			);
			name = InfoPlist.strings;
			sourceTree = "<group>";
		};
/* End PBXVariantGroup section */

/* Begin XCBuildConfiguration section */
		451D54A619D5AEA1008AD254 /* Debug */ = {
			isa = XCBuildConfiguration;
			buildSettings = {
				ALWAYS_SEARCH_USER_PATHS = NO;
				CLANG_CXX_LANGUAGE_STANDARD = "gnu++0x";
				CLANG_CXX_LIBRARY = "libc++";
				CLANG_ENABLE_MODULES = YES;
				CLANG_ENABLE_OBJC_ARC = YES;
				CLANG_WARN_BOOL_CONVERSION = YES;
				CLANG_WARN_CONSTANT_CONVERSION = YES;
				CLANG_WARN_DIRECT_OBJC_ISA_USAGE = YES_ERROR;
				CLANG_WARN_EMPTY_BODY = YES;
				CLANG_WARN_ENUM_CONVERSION = YES;
				CLANG_WARN_INT_CONVERSION = YES;
				CLANG_WARN_OBJC_ROOT_CLASS = YES_ERROR;
				CLANG_WARN__DUPLICATE_METHOD_MATCH = YES;
				"CODE_SIGN_IDENTITY[sdk=iphoneos*]" = "iPhone Developer";
				COPY_PHASE_STRIP = NO;
				GCC_C_LANGUAGE_STANDARD = gnu99;
				GCC_DYNAMIC_NO_PIC = NO;
				GCC_OPTIMIZATION_LEVEL = 0;
				GCC_PREPROCESSOR_DEFINITIONS = (
					"DEBUG=1",
					"$(inherited)",
				);
				GCC_SYMBOLS_PRIVATE_EXTERN = NO;
				GCC_WARN_64_TO_32_BIT_CONVERSION = YES;
				GCC_WARN_ABOUT_RETURN_TYPE = YES_ERROR;
				GCC_WARN_UNDECLARED_SELECTOR = YES;
				GCC_WARN_UNINITIALIZED_AUTOS = YES_AGGRESSIVE;
				GCC_WARN_UNUSED_FUNCTION = YES;
				GCC_WARN_UNUSED_VARIABLE = YES;
				IPHONEOS_DEPLOYMENT_TARGET = 7.1;
				ONLY_ACTIVE_ARCH = YES;
				SDKROOT = iphoneos;
			};
			name = Debug;
		};
		451D54A719D5AEA1008AD254 /* Release */ = {
			isa = XCBuildConfiguration;
			buildSettings = {
				ALWAYS_SEARCH_USER_PATHS = NO;
				CLANG_CXX_LANGUAGE_STANDARD = "gnu++0x";
				CLANG_CXX_LIBRARY = "libc++";
				CLANG_ENABLE_MODULES = YES;
				CLANG_ENABLE_OBJC_ARC = YES;
				CLANG_WARN_BOOL_CONVERSION = YES;
				CLANG_WARN_CONSTANT_CONVERSION = YES;
				CLANG_WARN_DIRECT_OBJC_ISA_USAGE = YES_ERROR;
				CLANG_WARN_EMPTY_BODY = YES;
				CLANG_WARN_ENUM_CONVERSION = YES;
				CLANG_WARN_INT_CONVERSION = YES;
				CLANG_WARN_OBJC_ROOT_CLASS = YES_ERROR;
				CLANG_WARN__DUPLICATE_METHOD_MATCH = YES;
				"CODE_SIGN_IDENTITY[sdk=iphoneos*]" = "iPhone Developer";
				COPY_PHASE_STRIP = YES;
				ENABLE_NS_ASSERTIONS = NO;
				GCC_C_LANGUAGE_STANDARD = gnu99;
				GCC_WARN_64_TO_32_BIT_CONVERSION = YES;
				GCC_WARN_ABOUT_RETURN_TYPE = YES_ERROR;
				GCC_WARN_UNDECLARED_SELECTOR = YES;
				GCC_WARN_UNINITIALIZED_AUTOS = YES_AGGRESSIVE;
				GCC_WARN_UNUSED_FUNCTION = YES;
				GCC_WARN_UNUSED_VARIABLE = YES;
				IPHONEOS_DEPLOYMENT_TARGET = 7.1;
				SDKROOT = iphoneos;
				VALIDATE_PRODUCT = YES;
			};
			name = Release;
		};
		451D54A919D5AEA1008AD254 /* Debug */ = {
			isa = XCBuildConfiguration;
			buildSettings = {
				ASSETCATALOG_COMPILER_APPICON_NAME = AppIcon;
				ASSETCATALOG_COMPILER_LAUNCHIMAGE_NAME = LaunchImage;
				GCC_PRECOMPILE_PREFIX_HEADER = YES;
				GCC_PREFIX_HEADER = "Kapitel2/Kapitel2-Prefix.pch";
				INFOPLIST_FILE = "Kapitel2/Kapitel2-Info.plist";
				PRODUCT_NAME = "$(TARGET_NAME)";
				WRAPPER_EXTENSION = app;
			};
			name = Debug;
		};
		451D54AA19D5AEA1008AD254 /* Release */ = {
			isa = XCBuildConfiguration;
			buildSettings = {
				ASSETCATALOG_COMPILER_APPICON_NAME = AppIcon;
				ASSETCATALOG_COMPILER_LAUNCHIMAGE_NAME = LaunchImage;
				GCC_PRECOMPILE_PREFIX_HEADER = YES;
				GCC_PREFIX_HEADER = "Kapitel2/Kapitel2-Prefix.pch";
				INFOPLIST_FILE = "Kapitel2/Kapitel2-Info.plist";
				PRODUCT_NAME = "$(TARGET_NAME)";
				WRAPPER_EXTENSION = app;
			};
			name = Release;
		};
		451D54AC19D5AEA1008AD254 /* Debug */ = {
			isa = XCBuildConfiguration;
			buildSettings = {
				BUNDLE_LOADER = "$(BUILT_PRODUCTS_DIR)/Kapitel2.app/Kapitel2";
				FRAMEWORK_SEARCH_PATHS = (
					"$(SDKROOT)/Developer/Library/Frameworks",
					"$(inherited)",
					"$(DEVELOPER_FRAMEWORKS_DIR)",
				);
				GCC_PRECOMPILE_PREFIX_HEADER = YES;
				GCC_PREFIX_HEADER = "Kapitel2/Kapitel2-Prefix.pch";
				GCC_PREPROCESSOR_DEFINITIONS = (
					"DEBUG=1",
					"$(inherited)",
				);
				INFOPLIST_FILE = "Kapitel2Tests/Kapitel2Tests-Info.plist";
				PRODUCT_NAME = "$(TARGET_NAME)";
				TEST_HOST = "$(BUNDLE_LOADER)";
				WRAPPER_EXTENSION = xctest;
			};
			name = Debug;
		};
		451D54AD19D5AEA1008AD254 /* Release */ = {
			isa = XCBuildConfiguration;
			buildSettings = {
				BUNDLE_LOADER = "$(BUILT_PRODUCTS_DIR)/Kapitel2.app/Kapitel2";
				FRAMEWORK_SEARCH_PATHS = (
					"$(SDKROOT)/Developer/Library/Frameworks",
					"$(inherited)",
					"$(DEVELOPER_FRAMEWORKS_DIR)",
				);
				GCC_PRECOMPILE_PREFIX_HEADER = YES;
				GCC_PREFIX_HEADER = "Kapitel2/Kapitel2-Prefix.pch";
				INFOPLIST_FILE = "Kapitel2Tests/Kapitel2Tests-Info.plist";
				PRODUCT_NAME = "$(TARGET_NAME)";
				TEST_HOST = "$(BUNDLE_LOADER)";
				WRAPPER_EXTENSION = xctest;
			};
			name = Release;
		};
/* End XCBuildConfiguration section */

/* Begin XCConfigurationList section */
		451D547119D5AEA0008AD254 /* Build configuration list for PBXProject "Kapitel2" */ = {
			isa = XCConfigurationList;
			buildConfigurations = (
				451D54A619D5AEA1008AD254 /* Debug */,
				451D54A719D5AEA1008AD254 /* Release */,
			);
			defaultConfigurationIsVisible = 0;
			defaultConfigurationName = Release;
		};
		451D54A819D5AEA1008AD254 /* Build configuration list for PBXNativeTarget "Kapitel2" */ = {
			isa = XCConfigurationList;
			buildConfigurations = (
				451D54A919D5AEA1008AD254 /* Debug */,
				451D54AA19D5AEA1008AD254 /* Release */,
			);
			defaultConfigurationIsVisible = 0;
			defaultConfigurationName = Release;
		};
		451D54AB19D5AEA1008AD254 /* Build configuration list for PBXNativeTarget "Kapitel2Tests" */ = {
			isa = XCConfigurationList;
			buildConfigurations = (
				451D54AC19D5AEA1008AD254 /* Debug */,
				451D54AD19D5AEA1008AD254 /* Release */,
			);
			defaultConfigurationIsVisible = 0;
			defaultConfigurationName = Release;
		};
/* End XCConfigurationList section */
	};
	rootObject = 451D546E19D5AEA0008AD254 /* Project object */;
}
